
Microsoft Visual Studio Solution File, Format Version 12.00
# Visual Studio Version 16
VisualStudioVersion = 16.0.30114.105
MinimumVisualStudioVersion = 10.0.40219.1
Project("{9A19103F-16F7-4668-BE54-9A1E7A4F7556}") = "Nexus.Tools.Validations", "Nexus.Tools\Nexus.Tools.Validations.csproj", "{A8D1AD4F-754B-467C-9979-205F46F80290}"
EndProject
Project("{9A19103F-16F7-4668-BE54-9A1E7A4F7556}") = "Nexus.Tools.Validations.Test", "Nexus.Tools.Validations.Test\Nexus.Tools.Validations.Test.csproj", "{816C93D2-0424-46C3-887D-D96AC4E7CA90}"
EndProject
Project("{9A19103F-16F7-4668-BE54-9A1E7A4F7556}") = "Nexus.Tools.Cli", "Nexus.Tools.Cli\Nexus.Tools.Cli.csproj", "{5972D6E0-C01D-4B74-B825-994AD8217271}"
EndProject
Global
	GlobalSection(SolutionConfigurationPlatforms) = preSolution
		Debug|Any CPU = Debug|Any CPU
		Debug|x64 = Debug|x64
		Debug|x86 = Debug|x86
		Release|Any CPU = Release|Any CPU
		Release|x64 = Release|x64
		Release|x86 = Release|x86
	EndGlobalSection
	GlobalSection(ProjectConfigurationPlatforms) = postSolution
		{A8D1AD4F-754B-467C-9979-205F46F80290}.Debug|Any CPU.ActiveCfg = Debug|Any CPU
		{A8D1AD4F-754B-467C-9979-205F46F80290}.Debug|Any CPU.Build.0 = Debug|Any CPU
		{A8D1AD4F-754B-467C-9979-205F46F80290}.Debug|x64.ActiveCfg = Debug|Any CPU
		{A8D1AD4F-754B-467C-9979-205F46F80290}.Debug|x64.Build.0 = Debug|Any CPU
		{A8D1AD4F-754B-467C-9979-205F46F80290}.Debug|x86.ActiveCfg = Debug|Any CPU
		{A8D1AD4F-754B-467C-9979-205F46F80290}.Debug|x86.Build.0 = Debug|Any CPU
		{A8D1AD4F-754B-467C-9979-205F46F80290}.Release|Any CPU.ActiveCfg = Release|Any CPU
		{A8D1AD4F-754B-467C-9979-205F46F80290}.Release|Any CPU.Build.0 = Release|Any CPU
		{A8D1AD4F-754B-467C-9979-205F46F80290}.Release|x64.ActiveCfg = Release|Any CPU
		{A8D1AD4F-754B-467C-9979-205F46F80290}.Release|x64.Build.0 = Release|Any CPU
		{A8D1AD4F-754B-467C-9979-205F46F80290}.Release|x86.ActiveCfg = Release|Any CPU
		{A8D1AD4F-754B-467C-9979-205F46F80290}.Release|x86.Build.0 = Release|Any CPU
		{816C93D2-0424-46C3-887D-D96AC4E7CA90}.Debug|Any CPU.ActiveCfg = Debug|Any CPU
		{816C93D2-0424-46C3-887D-D96AC4E7CA90}.Debug|Any CPU.Build.0 = Debug|Any CPU
		{816C93D2-0424-46C3-887D-D96AC4E7CA90}.Debug|x64.ActiveCfg = Debug|Any CPU
		{816C93D2-0424-46C3-887D-D96AC4E7CA90}.Debug|x64.Build.0 = Debug|Any CPU
		{816C93D2-0424-46C3-887D-D96AC4E7CA90}.Debug|x86.ActiveCfg = Debug|Any CPU
		{816C93D2-0424-46C3-887D-D96AC4E7CA90}.Debug|x86.Build.0 = Debug|Any CPU
		{816C93D2-0424-46C3-887D-D96AC4E7CA90}.Release|Any CPU.ActiveCfg = Release|Any CPU
		{816C93D2-0424-46C3-887D-D96AC4E7CA90}.Release|Any CPU.Build.0 = Release|Any CPU
		{816C93D2-0424-46C3-887D-D96AC4E7CA90}.Release|x64.ActiveCfg = Release|Any CPU
		{816C93D2-0424-46C3-887D-D96AC4E7CA90}.Release|x64.Build.0 = Release|Any CPU
		{816C93D2-0424-46C3-887D-D96AC4E7CA90}.Release|x86.ActiveCfg = Release|Any CPU
		{816C93D2-0424-46C3-887D-D96AC4E7CA90}.Release|x86.Build.0 = Release|Any CPU
		{5972D6E0-C01D-4B74-B825-994AD8217271}.Debug|Any CPU.ActiveCfg = Debug|Any CPU
		{5972D6E0-C01D-4B74-B825-994AD8217271}.Debug|Any CPU.Build.0 = Debug|Any CPU
		{5972D6E0-C01D-4B74-B825-994AD8217271}.Debug|x64.ActiveCfg = Debug|Any CPU
		{5972D6E0-C01D-4B74-B825-994AD8217271}.Debug|x64.Build.0 = Debug|Any CPU
		{5972D6E0-C01D-4B74-B825-994AD8217271}.Debug|x86.ActiveCfg = Debug|Any CPU
		{5972D6E0-C01D-4B74-B825-994AD8217271}.Debug|x86.Build.0 = Debug|Any CPU
		{5972D6E0-C01D-4B74-B825-994AD8217271}.Release|Any CPU.ActiveCfg = Release|Any CPU
		{5972D6E0-C01D-4B74-B825-994AD8217271}.Release|Any CPU.Build.0 = Release|Any CPU
		{5972D6E0-C01D-4B74-B825-994AD8217271}.Release|x64.ActiveCfg = Release|Any CPU
		{5972D6E0-C01D-4B74-B825-994AD8217271}.Release|x64.Build.0 = Release|Any CPU
		{5972D6E0-C01D-4B74-B825-994AD8217271}.Release|x86.ActiveCfg = Release|Any CPU
		{5972D6E0-C01D-4B74-B825-994AD8217271}.Release|x86.Build.0 = Release|Any CPU
	EndGlobalSection
	GlobalSection(SolutionProperties) = preSolution
		HideSolutionNode = FALSE
	EndGlobalSection
	GlobalSection(ExtensibilityGlobals) = postSolution
		SolutionGuid = {FB87511D-5CE5-4DE4-826A-A718D6490F1A}
	EndGlobalSection
EndGlobal
